// !$*UTF8*$!
{
	archiveVersion = 1;
	classes = {
	};
	objectVersion = 46;
	objects = {

/* Begin PBXBuildFile section */
		288B40F5193FF7AE00273522 /* AppDelegate.swift in Sources */ = {isa = PBXBuildFile; fileRef = 288B40F4193FF7AE00273522 /* AppDelegate.swift */; };
		288B40F7193FF7AE00273522 /* MasterViewController.swift in Sources */ = {isa = PBXBuildFile; fileRef = 288B40F6193FF7AE00273522 /* MasterViewController.swift */; };
		288B40F9193FF7AE00273522 /* DetailViewController.swift in Sources */ = {isa = PBXBuildFile; fileRef = 288B40F8193FF7AE00273522 /* DetailViewController.swift */; };
		288B40FC193FF7AE00273522 /* Main.storyboard in Resources */ = {isa = PBXBuildFile; fileRef = 288B40FA193FF7AE00273522 /* Main.storyboard */; };
		288B40FE193FF7AE00273522 /* Images.xcassets in Resources */ = {isa = PBXBuildFile; fileRef = 288B40FD193FF7AE00273522 /* Images.xcassets */; };
		288B410A193FF7AE00273522 /* ProductHuntTests.swift in Sources */ = {isa = PBXBuildFile; fileRef = 288B4109193FF7AE00273522 /* ProductHuntTests.swift */; };
		288B4114193FF7E300273522 /* Item.swift in Sources */ = {isa = PBXBuildFile; fileRef = 288B4113193FF7E300273522 /* Item.swift */; };
		288B4116193FF88200273522 /* ItemFetcher.swift in Sources */ = {isa = PBXBuildFile; fileRef = 288B4115193FF88200273522 /* ItemFetcher.swift */; };
/* End PBXBuildFile section */

/* Begin PBXContainerItemProxy section */
		288B4104193FF7AE00273522 /* PBXContainerItemProxy */ = {
			isa = PBXContainerItemProxy;
			containerPortal = 288B40E7193FF7AE00273522 /* Project object */;
			proxyType = 1;
			remoteGlobalIDString = 288B40EE193FF7AE00273522;
			remoteInfo = ProductHunt;
		};
/* End PBXContainerItemProxy section */

/* Begin PBXFileReference section */
		287773791940EE9C00B93786 /* Montserrat-Bold.ttf */ = {isa = PBXFileReference; lastKnownFileType = file; path = "Montserrat-Bold.ttf"; sourceTree = "<group>"; };
		2877737A1940EE9C00B93786 /* Montserrat-Regular.ttf */ = {isa = PBXFileReference; lastKnownFileType = file; path = "Montserrat-Regular.ttf"; sourceTree = "<group>"; };
		288B40EF193FF7AE00273522 /* ProductHunt.app */ = {isa = PBXFileReference; explicitFileType = wrapper.application; includeInIndex = 0; path = ProductHunt.app; sourceTree = BUILT_PRODUCTS_DIR; };
		288B40F3193FF7AE00273522 /* Info.plist */ = {isa = PBXFileReference; lastKnownFileType = text.plist.xml; path = Info.plist; sourceTree = "<group>"; };
		288B40F4193FF7AE00273522 /* AppDelegate.swift */ = {isa = PBXFileReference; lastKnownFileType = sourcecode.swift; path = AppDelegate.swift; sourceTree = "<group>"; };
		288B40F6193FF7AE00273522 /* MasterViewController.swift */ = {isa = PBXFileReference; lastKnownFileType = sourcecode.swift; path = MasterViewController.swift; sourceTree = "<group>"; };
		288B40F8193FF7AE00273522 /* DetailViewController.swift */ = {isa = PBXFileReference; lastKnownFileType = sourcecode.swift; path = DetailViewController.swift; sourceTree = "<group>"; };
		288B40FB193FF7AE00273522 /* Base */ = {isa = PBXFileReference; lastKnownFileType = file.storyboard; name = Base; path = Base.lproj/Main.storyboard; sourceTree = "<group>"; };
		288B40FD193FF7AE00273522 /* Images.xcassets */ = {isa = PBXFileReference; lastKnownFileType = folder.assetcatalog; path = Images.xcassets; sourceTree = "<group>"; };
		288B4103193FF7AE00273522 /* ProductHuntTests.xctest */ = {isa = PBXFileReference; explicitFileType = wrapper.cfbundle; includeInIndex = 0; path = ProductHuntTests.xctest; sourceTree = BUILT_PRODUCTS_DIR; };
		288B4108193FF7AE00273522 /* Info.plist */ = {isa = PBXFileReference; lastKnownFileType = text.plist.xml; path = Info.plist; sourceTree = "<group>"; };
		288B4109193FF7AE00273522 /* ProductHuntTests.swift */ = {isa = PBXFileReference; lastKnownFileType = sourcecode.swift; path = ProductHuntTests.swift; sourceTree = "<group>"; };
		288B4113193FF7E300273522 /* Item.swift */ = {isa = PBXFileReference; fileEncoding = 4; lastKnownFileType = sourcecode.swift; path = Item.swift; sourceTree = "<group>"; };
		288B4115193FF88200273522 /* ItemFetcher.swift */ = {isa = PBXFileReference; fileEncoding = 4; lastKnownFileType = sourcecode.swift; path = ItemFetcher.swift; sourceTree = "<group>"; };
/* End PBXFileReference section */

/* Begin PBXFrameworksBuildPhase section */
		288B40EC193FF7AE00273522 /* Frameworks */ = {
			isa = PBXFrameworksBuildPhase;
			buildActionMask = 2147483647;
			files = (
			);
			runOnlyForDeploymentPostprocessing = 0;
		};
		288B4100193FF7AE00273522 /* Frameworks */ = {
			isa = PBXFrameworksBuildPhase;
			buildActionMask = 2147483647;
			files = (
			);
			runOnlyForDeploymentPostprocessing = 0;
		};
/* End PBXFrameworksBuildPhase section */

/* Begin PBXGroup section */
		288B40E6193FF7AE00273522 = {
			isa = PBXGroup;
			children = (
				288B40F1193FF7AE00273522 /* ProductHunt */,
				288B4106193FF7AE00273522 /* ProductHuntTests */,
				288B40F0193FF7AE00273522 /* Products */,
			);
			sourceTree = "<group>";
		};
		288B40F0193FF7AE00273522 /* Products */ = {
			isa = PBXGroup;
			children = (
				288B40EF193FF7AE00273522 /* ProductHunt.app */,
				288B4103193FF7AE00273522 /* ProductHuntTests.xctest */,
			);
			name = Products;
			sourceTree = "<group>";
		};
		288B40F1193FF7AE00273522 /* ProductHunt */ = {
			isa = PBXGroup;
			children = (
				288B40F4193FF7AE00273522 /* AppDelegate.swift */,
				288B41191940050D00273522 /* View controllers */,
				288B40FA193FF7AE00273522 /* Main.storyboard */,
				288B40FD193FF7AE00273522 /* Images.xcassets */,
				288B40F2193FF7AE00273522 /* Supporting Files */,
				288B4113193FF7E300273522 /* Item.swift */,
				288B4115193FF88200273522 /* ItemFetcher.swift */,
			);
			path = ProductHunt;
			sourceTree = "<group>";
		};
		288B40F2193FF7AE00273522 /* Supporting Files */ = {
			isa = PBXGroup;
			children = (
				287773791940EE9C00B93786 /* Montserrat-Bold.ttf */,
				2877737A1940EE9C00B93786 /* Montserrat-Regular.ttf */,
				288B40F3193FF7AE00273522 /* Info.plist */,
			);
			name = "Supporting Files";
			sourceTree = "<group>";
		};
		288B4106193FF7AE00273522 /* ProductHuntTests */ = {
			isa = PBXGroup;
			children = (
				288B4109193FF7AE00273522 /* ProductHuntTests.swift */,
				288B4107193FF7AE00273522 /* Supporting Files */,
			);
			path = ProductHuntTests;
			sourceTree = "<group>";
		};
		288B4107193FF7AE00273522 /* Supporting Files */ = {
			isa = PBXGroup;
			children = (
				288B4108193FF7AE00273522 /* Info.plist */,
			);
			name = "Supporting Files";
			sourceTree = "<group>";
		};
		288B41191940050D00273522 /* View controllers */ = {
			isa = PBXGroup;
			children = (
				288B40F6193FF7AE00273522 /* MasterViewController.swift */,
				288B40F8193FF7AE00273522 /* DetailViewController.swift */,
			);
			name = "View controllers";
			sourceTree = "<group>";
		};
/* End PBXGroup section */

/* Begin PBXNativeTarget section */
		288B40EE193FF7AE00273522 /* ProductHunt */ = {
			isa = PBXNativeTarget;
			buildConfigurationList = 288B410D193FF7AE00273522 /* Build configuration list for PBXNativeTarget "ProductHunt" */;
			buildPhases = (
				288B40EB193FF7AE00273522 /* Sources */,
				288B40EC193FF7AE00273522 /* Frameworks */,
				288B40ED193FF7AE00273522 /* Resources */,
			);
			buildRules = (
			);
			dependencies = (
			);
			name = ProductHunt;
			productName = ProductHunt;
			productReference = 288B40EF193FF7AE00273522 /* ProductHunt.app */;
			productType = "com.apple.product-type.application";
		};
		288B4102193FF7AE00273522 /* ProductHuntTests */ = {
			isa = PBXNativeTarget;
			buildConfigurationList = 288B4110193FF7AE00273522 /* Build configuration list for PBXNativeTarget "ProductHuntTests" */;
			buildPhases = (
				288B40FF193FF7AE00273522 /* Sources */,
				288B4100193FF7AE00273522 /* Frameworks */,
				288B4101193FF7AE00273522 /* Resources */,
			);
			buildRules = (
			);
			dependencies = (
				288B4105193FF7AE00273522 /* PBXTargetDependency */,
			);
			name = ProductHuntTests;
			productName = ProductHuntTests;
			productReference = 288B4103193FF7AE00273522 /* ProductHuntTests.xctest */;
			productType = "com.apple.product-type.bundle.unit-test";
		};
/* End PBXNativeTarget section */

/* Begin PBXProject section */
		288B40E7193FF7AE00273522 /* Project object */ = {
			isa = PBXProject;
			attributes = {
				LastUpgradeCheck = 0600;
				ORGANIZATIONNAME = "Neil Kimmett";
				TargetAttributes = {
					288B40EE193FF7AE00273522 = {
						CreatedOnToolsVersion = 6.0;
					};
					288B4102193FF7AE00273522 = {
						CreatedOnToolsVersion = 6.0;
						TestTargetID = 288B40EE193FF7AE00273522;
					};
				};
			};
			buildConfigurationList = 288B40EA193FF7AE00273522 /* Build configuration list for PBXProject "ProductHunt" */;
			compatibilityVersion = "Xcode 3.2";
			developmentRegion = English;
			hasScannedForEncodings = 0;
			knownRegions = (
				en,
				Base,
			);
			mainGroup = 288B40E6193FF7AE00273522;
			productRefGroup = 288B40F0193FF7AE00273522 /* Products */;
			projectDirPath = "";
			projectRoot = "";
			targets = (
				288B40EE193FF7AE00273522 /* ProductHunt */,
				288B4102193FF7AE00273522 /* ProductHuntTests */,
			);
		};
/* End PBXProject section */

/* Begin PBXResourcesBuildPhase section */
		288B40ED193FF7AE00273522 /* Resources */ = {
			isa = PBXResourcesBuildPhase;
			buildActionMask = 2147483647;
			files = (
				288B40FC193FF7AE00273522 /* Main.storyboard in Resources */,
				288B40FE193FF7AE00273522 /* Images.xcassets in Resources */,
			);
			runOnlyForDeploymentPostprocessing = 0;
		};
		288B4101193FF7AE00273522 /* Resources */ = {
			isa = PBXResourcesBuildPhase;
			buildActionMask = 2147483647;
			files = (
			);
			runOnlyForDeploymentPostprocessing = 0;
		};
/* End PBXResourcesBuildPhase section */

/* Begin PBXSourcesBuildPhase section */
		288B40EB193FF7AE00273522 /* Sources */ = {
			isa = PBXSourcesBuildPhase;
			buildActionMask = 2147483647;
			files = (
				288B4114193FF7E300273522 /* Item.swift in Sources */,
				288B4116193FF88200273522 /* ItemFetcher.swift in Sources */,
				288B40F9193FF7AE00273522 /* DetailViewController.swift in Sources */,
				288B40F7193FF7AE00273522 /* MasterViewController.swift in Sources */,
				288B40F5193FF7AE00273522 /* AppDelegate.swift in Sources */,
			);
			runOnlyForDeploymentPostprocessing = 0;
		};
		288B40FF193FF7AE00273522 /* Sources */ = {
			isa = PBXSourcesBuildPhase;
			buildActionMask = 2147483647;
			files = (
				288B410A193FF7AE00273522 /* ProductHuntTests.swift in Sources */,
			);
			runOnlyForDeploymentPostprocessing = 0;
		};
/* End PBXSourcesBuildPhase section */

/* Begin PBXTargetDependency section */
		288B4105193FF7AE00273522 /* PBXTargetDependency */ = {
			isa = PBXTargetDependency;
			target = 288B40EE193FF7AE00273522 /* ProductHunt */;
			targetProxy = 288B4104193FF7AE00273522 /* PBXContainerItemProxy */;
		};
/* End PBXTargetDependency section */

/* Begin PBXVariantGroup section */
		288B40FA193FF7AE00273522 /* Main.storyboard */ = {
			isa = PBXVariantGroup;
			children = (
				288B40FB193FF7AE00273522 /* Base */,
			);
			name = Main.storyboard;
			sourceTree = "<group>";
		};
/* End PBXVariantGroup section */

/* Begin XCBuildConfiguration section */
		288B410B193FF7AE00273522 /* Debug */ = {
			isa = XCBuildConfiguration;
			buildSettings = {
				ALWAYS_SEARCH_USER_PATHS = NO;
				CLANG_CXX_LANGUAGE_STANDARD = "gnu++0x";
				CLANG_CXX_LIBRARY = "libc++";
				CLANG_ENABLE_MODULES = YES;
				CLANG_ENABLE_OBJC_ARC = YES;
				CLANG_WARN_BOOL_CONVERSION = YES;
				CLANG_WARN_CONSTANT_CONVERSION = YES;
				CLANG_WARN_DIRECT_OBJC_ISA_USAGE = YES_ERROR;
				CLANG_WARN_EMPTY_BODY = YES;
				CLANG_WARN_ENUM_CONVERSION = YES;
				CLANG_WARN_INT_CONVERSION = YES;
				CLANG_WARN_OBJC_ROOT_CLASS = YES_ERROR;
				CLANG_WARN_UNREACHABLE_CODE = YES;
				CLANG_WARN__DUPLICATE_METHOD_MATCH = YES;
				"CODE_SIGN_IDENTITY[sdk=iphoneos*]" = "iPhone Developer";
				COPY_PHASE_STRIP = NO;
				ENABLE_STRICT_OBJC_MSGSEND = YES;
				GCC_C_LANGUAGE_STANDARD = gnu99;
				GCC_DYNAMIC_NO_PIC = NO;
				GCC_OPTIMIZATION_LEVEL = 0;
				GCC_PREPROCESSOR_DEFINITIONS = (
					"DEBUG=1",
					"$(inherited)",
				);
				GCC_SYMBOLS_PRIVATE_EXTERN = NO;
				GCC_WARN_64_TO_32_BIT_CONVERSION = YES;
				GCC_WARN_ABOUT_RETURN_TYPE = YES_ERROR;
				GCC_WARN_UNDECLARED_SELECTOR = YES;
				GCC_WARN_UNINITIALIZED_AUTOS = YES_AGGRESSIVE;
				GCC_WARN_UNUSED_FUNCTION = YES;
				GCC_WARN_UNUSED_VARIABLE = YES;
				IPHONEOS_DEPLOYMENT_TARGET = 8.0;
				METAL_ENABLE_DEBUG_INFO = YES;
				ONLY_ACTIVE_ARCH = YES;
				SDKROOT = iphoneos;
				SWIFT_OPTIMIZATION_LEVEL = "-Onone";
				TARGETED_DEVICE_FAMILY = "1,2";
			};
			name = Debug;
		};
		288B410C193FF7AE00273522 /* Release */ = {
			isa = XCBuildConfiguration;
			buildSettings = {
				ALWAYS_SEARCH_USER_PATHS = NO;
				CLANG_CXX_LANGUAGE_STANDARD = "gnu++0x";
				CLANG_CXX_LIBRARY = "libc++";
				CLANG_ENABLE_MODULES = YES;
				CLANG_ENABLE_OBJC_ARC = YES;
				CLANG_WARN_BOOL_CONVERSION = YES;
				CLANG_WARN_CONSTANT_CONVERSION = YES;
				CLANG_WARN_DIRECT_OBJC_ISA_USAGE = YES_ERROR;
				CLANG_WARN_EMPTY_BODY = YES;
				CLANG_WARN_ENUM_CONVERSION = YES;
				CLANG_WARN_INT_CONVERSION = YES;
				CLANG_WARN_OBJC_ROOT_CLASS = YES_ERROR;
				CLANG_WARN_UNREACHABLE_CODE = YES;
				CLANG_WARN__DUPLICATE_METHOD_MATCH = YES;
				"CODE_SIGN_IDENTITY[sdk=iphoneos*]" = "iPhone Developer";
				COPY_PHASE_STRIP = YES;
				ENABLE_NS_ASSERTIONS = NO;
				ENABLE_STRICT_OBJC_MSGSEND = YES;
				GCC_C_LANGUAGE_STANDARD = gnu99;
				GCC_WARN_64_TO_32_BIT_CONVERSION = YES;
				GCC_WARN_ABOUT_RETURN_TYPE = YES_ERROR;
				GCC_WARN_UNDECLARED_SELECTOR = YES;
				GCC_WARN_UNINITIALIZED_AUTOS = YES_AGGRESSIVE;
				GCC_WARN_UNUSED_FUNCTION = YES;
				GCC_WARN_UNUSED_VARIABLE = YES;
				IPHONEOS_DEPLOYMENT_TARGET = 8.0;
				METAL_ENABLE_DEBUG_INFO = NO;
				SDKROOT = iphoneos;
				TARGETED_DEVICE_FAMILY = "1,2";
				VALIDATE_PRODUCT = YES;
			};
			name = Release;
		};
		288B410E193FF7AE00273522 /* Debug */ = {
			isa = XCBuildConfiguration;
			buildSettings = {
				ASSETCATALOG_COMPILER_APPICON_NAME = AppIcon;
				ASSETCATALOG_COMPILER_LAUNCHIMAGE_NAME = LaunchImage;
				INFOPLIST_FILE = ProductHunt/Info.plist;
				LD_RUNPATH_SEARCH_PATHS = "$(inherited) @executable_path/Frameworks";
				PRODUCT_NAME = "$(TARGET_NAME)";
			};
			name = Debug;
		};
		288B410F193FF7AE00273522 /* Release */ = {
			isa = XCBuildConfiguration;
			buildSettings = {
				ASSETCATALOG_COMPILER_APPICON_NAME = AppIcon;
				ASSETCATALOG_COMPILER_LAUNCHIMAGE_NAME = LaunchImage;
				INFOPLIST_FILE = ProductHunt/Info.plist;
				LD_RUNPATH_SEARCH_PATHS = "$(inherited) @executable_path/Frameworks";
				PRODUCT_NAME = "$(TARGET_NAME)";
			};
			name = Release;
		};
		288B4111193FF7AE00273522 /* Debug */ = {
			isa = XCBuildConfiguration;
			buildSettings = {
				BUNDLE_LOADER = "$(BUILT_PRODUCTS_DIR)/ProductHunt.app/ProductHunt";
				FRAMEWORK_SEARCH_PATHS = (
					"$(SDKROOT)/Developer/Library/Frameworks",
					"$(inherited)",
				);
				GCC_PREPROCESSOR_DEFINITIONS = (
					"DEBUG=1",
					"$(inherited)",
				);
				INFOPLIST_FILE = ProductHuntTests/Info.plist;
				LD_RUNPATH_SEARCH_PATHS = "$(inherited) @executable_path/Frameworks @loader_path/Frameworks";
				METAL_ENABLE_DEBUG_INFO = YES;
				PRODUCT_NAME = "$(TARGET_NAME)";
				TEST_HOST = "$(BUNDLE_LOADER)";
			};
			name = Debug;
		};
		288B4112193FF7AE00273522 /* Release */ = {
			isa = XCBuildConfiguration;
			buildSettings = {
				BUNDLE_LOADER = "$(BUILT_PRODUCTS_DIR)/ProductHunt.app/ProductHunt";
				FRAMEWORK_SEARCH_PATHS = (
					"$(SDKROOT)/Developer/Library/Frameworks",
					"$(inherited)",
				);
				INFOPLIST_FILE = ProductHuntTests/Info.plist;
				LD_RUNPATH_SEARCH_PATHS = "$(inherited) @executable_path/Frameworks @loader_path/Frameworks";
				METAL_ENABLE_DEBUG_INFO = NO;
				PRODUCT_NAME = "$(TARGET_NAME)";
				TEST_HOST = "$(BUNDLE_LOADER)";
			};
			name = Release;
		};
/* End XCBuildConfiguration section */

/* Begin XCConfigurationList section */
		288B40EA193FF7AE00273522 /* Build configuration list for PBXProject "ProductHunt" */ = {
			isa = XCConfigurationList;
			buildConfigurations = (
				288B410B193FF7AE00273522 /* Debug */,
				288B410C193FF7AE00273522 /* Release */,
			);
			defaultConfigurationIsVisible = 0;
			defaultConfigurationName = Release;
		};
		288B410D193FF7AE00273522 /* Build configuration list for PBXNativeTarget "ProductHunt" */ = {
			isa = XCConfigurationList;
			buildConfigurations = (
				288B410E193FF7AE00273522 /* Debug */,
				288B410F193FF7AE00273522 /* Release */,
			);
			defaultConfigurationIsVisible = 0;
			defaultConfigurationName = Release;
		};
		288B4110193FF7AE00273522 /* Build configuration list for PBXNativeTarget "ProductHuntTests" */ = {
			isa = XCConfigurationList;
			buildConfigurations = (
				288B4111193FF7AE00273522 /* Debug */,
				288B4112193FF7AE00273522 /* Release */,
			);
			defaultConfigurationIsVisible = 0;
			defaultConfigurationName = Release;
		};
/* End XCConfigurationList section */
	};
	rootObject = 288B40E7193FF7AE00273522 /* Project object */;
}
